
Microsoft Visual Studio Solution File, Format Version 12.00
# Visual Studio Version 17
VisualStudioVersion = 17.4.33122.133
MinimumVisualStudioVersion = 10.0.40219.1
Project("{FAE04EC0-301F-11D3-BF4B-00C04F79EFBC}") = "backend", "backend\backend.csproj", "{77D86068-7730-480E-8E3D-21699E84237A}"
EndProject
Project("{FAE04EC0-301F-11D3-BF4B-00C04F79EFBC}") = "backend.resources", "backend.resources\backend.resources.csproj", "{C9C70FCB-BED6-4DFD-84A3-0D3022BD56D9}"
EndProject
Global
	GlobalSection(SolutionConfigurationPlatforms) = preSolution
		Debug|Any CPU = Debug|Any CPU
		Release|Any CPU = Release|Any CPU
	EndGlobalSection
	GlobalSection(ProjectConfigurationPlatforms) = postSolution
		{77D86068-7730-480E-8E3D-21699E84237A}.Debug|Any CPU.ActiveCfg = Debug|Any CPU
		{77D86068-7730-480E-8E3D-21699E84237A}.Debug|Any CPU.Build.0 = Debug|Any CPU
		{77D86068-7730-480E-8E3D-21699E84237A}.Release|Any CPU.ActiveCfg = Release|Any CPU
		{77D86068-7730-480E-8E3D-21699E84237A}.Release|Any CPU.Build.0 = Release|Any CPU
		{C9C70FCB-BED6-4DFD-84A3-0D3022BD56D9}.Debug|Any CPU.ActiveCfg = Debug|Any CPU
		{C9C70FCB-BED6-4DFD-84A3-0D3022BD56D9}.Debug|Any CPU.Build.0 = Debug|Any CPU
		{C9C70FCB-BED6-4DFD-84A3-0D3022BD56D9}.Release|Any CPU.ActiveCfg = Release|Any CPU
		{C9C70FCB-BED6-4DFD-84A3-0D3022BD56D9}.Release|Any CPU.Build.0 = Release|Any CPU
	EndGlobalSection
	GlobalSection(SolutionProperties) = preSolution
		HideSolutionNode = FALSE
	EndGlobalSection
	GlobalSection(ExtensibilityGlobals) = postSolution
		SolutionGuid = {7C582545-D307-4B74-A9D9-6E1B8B935577}
	EndGlobalSection
EndGlobal
